
Microsoft Visual Studio Solution File, Format Version 12.00
# Visual Studio Version 16
VisualStudioVersion = 16.0.29215.179
MinimumVisualStudioVersion = 10.0.40219.1
Project("{FAE04EC0-301F-11D3-BF4B-00C04F79EFBC}") = "Unit Conversion", "Unit Conversion\Unit Conversion.csproj", "{BADBB093-C3CA-46F8-88F4-B80A30D8D3EA}"
EndProject
Global
	GlobalSection(SolutionConfigurationPlatforms) = preSolution
		Debug|Any CPU = Debug|Any CPU
		Release|Any CPU = Release|Any CPU
	EndGlobalSection
	GlobalSection(ProjectConfigurationPlatforms) = postSolution
		{BADBB093-C3CA-46F8-88F4-B80A30D8D3EA}.Debug|Any CPU.ActiveCfg = Debug|Any CPU
		{BADBB093-C3CA-46F8-88F4-B80A30D8D3EA}.Debug|Any CPU.Build.0 = Debug|Any CPU
		{BADBB093-C3CA-46F8-88F4-B80A30D8D3EA}.Release|Any CPU.ActiveCfg = Release|Any CPU
		{BADBB093-C3CA-46F8-88F4-B80A30D8D3EA}.Release|Any CPU.Build.0 = Release|Any CPU
	EndGlobalSection
	GlobalSection(SolutionProperties) = preSolution
		HideSolutionNode = FALSE
	EndGlobalSection
	GlobalSection(ExtensibilityGlobals) = postSolution
		SolutionGuid = {8781DB9D-706D-4DCF-BD48-09DBF1F3061A}
	EndGlobalSection
EndGlobal
